// !$*UTF8*$!
{
	archiveVersion = 1;
	classes = {
	};
	objectVersion = 46;
	objects = {

/* Begin PBXBuildFile section */
		04E3EA3C1F19E5C80049D71D /* AppDelegate.swift in Sources */ = {isa = PBXBuildFile; fileRef = 04E3EA3B1F19E5C80049D71D /* AppDelegate.swift */; };
		04E3EA3E1F19E5C80049D71D /* ViewController.swift in Sources */ = {isa = PBXBuildFile; fileRef = 04E3EA3D1F19E5C80049D71D /* ViewController.swift */; };
		04E3EA411F19E5C80049D71D /* Main.storyboard in Resources */ = {isa = PBXBuildFile; fileRef = 04E3EA3F1F19E5C80049D71D /* Main.storyboard */; };
		04E3EA431F19E5C80049D71D /* Assets.xcassets in Resources */ = {isa = PBXBuildFile; fileRef = 04E3EA421F19E5C80049D71D /* Assets.xcassets */; };
		04E3EA461F19E5C80049D71D /* LaunchScreen.storyboard in Resources */ = {isa = PBXBuildFile; fileRef = 04E3EA441F19E5C80049D71D /* LaunchScreen.storyboard */; };
/* End PBXBuildFile section */

/* Begin PBXFileReference section */
		04E3EA381F19E5C80049D71D /* SwitchDemo.app */ = {isa = PBXFileReference; explicitFileType = wrapper.application; includeInIndex = 0; path = SwitchDemo.app; sourceTree = BUILT_PRODUCTS_DIR; };
		04E3EA3B1F19E5C80049D71D /* AppDelegate.swift */ = {isa = PBXFileReference; lastKnownFileType = sourcecode.swift; path = AppDelegate.swift; sourceTree = "<group>"; };
		04E3EA3D1F19E5C80049D71D /* ViewController.swift */ = {isa = PBXFileReference; lastKnownFileType = sourcecode.swift; path = ViewController.swift; sourceTree = "<group>"; };
		04E3EA401F19E5C80049D71D /* Base */ = {isa = PBXFileReference; lastKnownFileType = file.storyboard; name = Base; path = Base.lproj/Main.storyboard; sourceTree = "<group>"; };
		04E3EA421F19E5C80049D71D /* Assets.xcassets */ = {isa = PBXFileReference; lastKnownFileType = folder.assetcatalog; path = Assets.xcassets; sourceTree = "<group>"; };
		04E3EA451F19E5C80049D71D /* Base */ = {isa = PBXFileReference; lastKnownFileType = file.storyboard; name = Base; path = Base.lproj/LaunchScreen.storyboard; sourceTree = "<group>"; };
		04E3EA471F19E5C80049D71D /* Info.plist */ = {isa = PBXFileReference; lastKnownFileType = text.plist.xml; path = Info.plist; sourceTree = "<group>"; };
/* End PBXFileReference section */

/* Begin PBXFrameworksBuildPhase section */
		04E3EA351F19E5C80049D71D /* Frameworks */ = {
			isa = PBXFrameworksBuildPhase;
			buildActionMask = 2147483647;
			files = (
			);
			runOnlyForDeploymentPostprocessing = 0;
		};
/* End PBXFrameworksBuildPhase section */

/* Begin PBXGroup section */
		04E3EA2F1F19E5C80049D71D = {
			isa = PBXGroup;
			children = (
				04E3EA3A1F19E5C80049D71D /* SwitchDemo */,
				04E3EA391F19E5C80049D71D /* Products */,
			);
			sourceTree = "<group>";
		};
		04E3EA391F19E5C80049D71D /* Products */ = {
			isa = PBXGroup;
			children = (
				04E3EA381F19E5C80049D71D /* SwitchDemo.app */,
			);
			name = Products;
			sourceTree = "<group>";
		};
		04E3EA3A1F19E5C80049D71D /* SwitchDemo */ = {
			isa = PBXGroup;
			children = (
				04E3EA3B1F19E5C80049D71D /* AppDelegate.swift */,
				04E3EA3D1F19E5C80049D71D /* ViewController.swift */,
				04E3EA3F1F19E5C80049D71D /* Main.storyboard */,
				04E3EA421F19E5C80049D71D /* Assets.xcassets */,
				04E3EA441F19E5C80049D71D /* LaunchScreen.storyboard */,
				04E3EA471F19E5C80049D71D /* Info.plist */,
			);
			path = SwitchDemo;
			sourceTree = "<group>";
		};
/* End PBXGroup section */

/* Begin PBXNativeTarget section */
		04E3EA371F19E5C80049D71D /* SwitchDemo */ = {
			isa = PBXNativeTarget;
			buildConfigurationList = 04E3EA4A1F19E5C80049D71D /* Build configuration list for PBXNativeTarget "SwitchDemo" */;
			buildPhases = (
				04E3EA341F19E5C80049D71D /* Sources */,
				04E3EA351F19E5C80049D71D /* Frameworks */,
				04E3EA361F19E5C80049D71D /* Resources */,
			);
			buildRules = (
			);
			dependencies = (
			);
			name = SwitchDemo;
			productName = SwitchDemo;
			productReference = 04E3EA381F19E5C80049D71D /* SwitchDemo.app */;
			productType = "com.apple.product-type.application";
		};
/* End PBXNativeTarget section */

/* Begin PBXProject section */
		04E3EA301F19E5C80049D71D /* Project object */ = {
			isa = PBXProject;
			attributes = {
				LastSwiftUpdateCheck = 0820;
				LastUpgradeCheck = 0820;
				ORGANIZATIONNAME = mac;
				TargetAttributes = {
					04E3EA371F19E5C80049D71D = {
						CreatedOnToolsVersion = 8.2;
						ProvisioningStyle = Automatic;
					};
				};
			};
			buildConfigurationList = 04E3EA331F19E5C80049D71D /* Build configuration list for PBXProject "SwitchDemo" */;
			compatibilityVersion = "Xcode 3.2";
			developmentRegion = English;
			hasScannedForEncodings = 0;
			knownRegions = (
				en,
				Base,
			);
			mainGroup = 04E3EA2F1F19E5C80049D71D;
			productRefGroup = 04E3EA391F19E5C80049D71D /* Products */;
			projectDirPath = "";
			projectRoot = "";
			targets = (
				04E3EA371F19E5C80049D71D /* SwitchDemo */,
			);
		};
/* End PBXProject section */

/* Begin PBXResourcesBuildPhase section */
		04E3EA361F19E5C80049D71D /* Resources */ = {
			isa = PBXResourcesBuildPhase;
			buildActionMask = 2147483647;
			files = (
				04E3EA461F19E5C80049D71D /* LaunchScreen.storyboard in Resources */,
				04E3EA431F19E5C80049D71D /* Assets.xcassets in Resources */,
				04E3EA411F19E5C80049D71D /* Main.storyboard in Resources */,
			);
			runOnlyForDeploymentPostprocessing = 0;
		};
/* End PBXResourcesBuildPhase section */

/* Begin PBXSourcesBuildPhase section */
		04E3EA341F19E5C80049D71D /* Sources */ = {
			isa = PBXSourcesBuildPhase;
			buildActionMask = 2147483647;
			files = (
				04E3EA3E1F19E5C80049D71D /* ViewController.swift in Sources */,
				04E3EA3C1F19E5C80049D71D /* AppDelegate.swift in Sources */,
			);
			runOnlyForDeploymentPostprocessing = 0;
		};
/* End PBXSourcesBuildPhase section */

/* Begin PBXVariantGroup section */
		04E3EA3F1F19E5C80049D71D /* Main.storyboard */ = {
			isa = PBXVariantGroup;
			children = (
				04E3EA401F19E5C80049D71D /* Base */,
			);
			name = Main.storyboard;
			sourceTree = "<group>";
		};
		04E3EA441F19E5C80049D71D /* LaunchScreen.storyboard */ = {
			isa = PBXVariantGroup;
			children = (
				04E3EA451F19E5C80049D71D /* Base */,
			);
			name = LaunchScreen.storyboard;
			sourceTree = "<group>";
		};
/* End PBXVariantGroup section */

/* Begin XCBuildConfiguration section */
		04E3EA481F19E5C80049D71D /* Debug */ = {
			isa = XCBuildConfiguration;
			buildSettings = {
				ALWAYS_SEARCH_USER_PATHS = NO;
				CLANG_ANALYZER_NONNULL = YES;
				CLANG_CXX_LANGUAGE_STANDARD = "gnu++0x";
				CLANG_CXX_LIBRARY = "libc++";
				CLANG_ENABLE_MODULES = YES;
				CLANG_ENABLE_OBJC_ARC = YES;
				CLANG_WARN_BOOL_CONVERSION = YES;
				CLANG_WARN_CONSTANT_CONVERSION = YES;
				CLANG_WARN_DIRECT_OBJC_ISA_USAGE = YES_ERROR;
				CLANG_WARN_DOCUMENTATION_COMMENTS = YES;
				CLANG_WARN_EMPTY_BODY = YES;
				CLANG_WARN_ENUM_CONVERSION = YES;
				CLANG_WARN_INFINITE_RECURSION = YES;
				CLANG_WARN_INT_CONVERSION = YES;
				CLANG_WARN_OBJC_ROOT_CLASS = YES_ERROR;
				CLANG_WARN_SUSPICIOUS_MOVE = YES;
				CLANG_WARN_UNREACHABLE_CODE = YES;
				CLANG_WARN__DUPLICATE_METHOD_MATCH = YES;
				"CODE_SIGN_IDENTITY[sdk=iphoneos*]" = "iPhone Developer";
				COPY_PHASE_STRIP = NO;
				DEBUG_INFORMATION_FORMAT = dwarf;
				ENABLE_STRICT_OBJC_MSGSEND = YES;
				ENABLE_TESTABILITY = YES;
				GCC_C_LANGUAGE_STANDARD = gnu99;
				GCC_DYNAMIC_NO_PIC = NO;
				GCC_NO_COMMON_BLOCKS = YES;
				GCC_OPTIMIZATION_LEVEL = 0;
				GCC_PREPROCESSOR_DEFINITIONS = (
					"DEBUG=1",
					"$(inherited)",
				);
				GCC_WARN_64_TO_32_BIT_CONVERSION = YES;
				GCC_WARN_ABOUT_RETURN_TYPE = YES_ERROR;
				GCC_WARN_UNDECLARED_SELECTOR = YES;
				GCC_WARN_UNINITIALIZED_AUTOS = YES_AGGRESSIVE;
				GCC_WARN_UNUSED_FUNCTION = YES;
				GCC_WARN_UNUSED_VARIABLE = YES;
				IPHONEOS_DEPLOYMENT_TARGET = 10.2;
				MTL_ENABLE_DEBUG_INFO = YES;
				ONLY_ACTIVE_ARCH = YES;
				SDKROOT = iphoneos;
				SWIFT_ACTIVE_COMPILATION_CONDITIONS = DEBUG;
				SWIFT_OPTIMIZATION_LEVEL = "-Onone";
			};
			name = Debug;
		};
		04E3EA491F19E5C80049D71D /* Release */ = {
			isa = XCBuildConfiguration;
			buildSettings = {
				ALWAYS_SEARCH_USER_PATHS = NO;
				CLANG_ANALYZER_NONNULL = YES;
				CLANG_CXX_LANGUAGE_STANDARD = "gnu++0x";
				CLANG_CXX_LIBRARY = "libc++";
				CLANG_ENABLE_MODULES = YES;
				CLANG_ENABLE_OBJC_ARC = YES;
				CLANG_WARN_BOOL_CONVERSION = YES;
				CLANG_WARN_CONSTANT_CONVERSION = YES;
				CLANG_WARN_DIRECT_OBJC_ISA_USAGE = YES_ERROR;
				CLANG_WARN_DOCUMENTATION_COMMENTS = YES;
				CLANG_WARN_EMPTY_BODY = YES;
				CLANG_WARN_ENUM_CONVERSION = YES;
				CLANG_WARN_INFINITE_RECURSION = YES;
				CLANG_WARN_INT_CONVERSION = YES;
				CLANG_WARN_OBJC_ROOT_CLASS = YES_ERROR;
				CLANG_WARN_SUSPICIOUS_MOVE = YES;
				CLANG_WARN_UNREACHABLE_CODE = YES;
				CLANG_WARN__DUPLICATE_METHOD_MATCH = YES;
				"CODE_SIGN_IDENTITY[sdk=iphoneos*]" = "iPhone Developer";
				COPY_PHASE_STRIP = NO;
				DEBUG_INFORMATION_FORMAT = "dwarf-with-dsym";
				ENABLE_NS_ASSERTIONS = NO;
				ENABLE_STRICT_OBJC_MSGSEND = YES;
				GCC_C_LANGUAGE_STANDARD = gnu99;
				GCC_NO_COMMON_BLOCKS = YES;
				GCC_WARN_64_TO_32_BIT_CONVERSION = YES;
				GCC_WARN_ABOUT_RETURN_TYPE = YES_ERROR;
				GCC_WARN_UNDECLARED_SELECTOR = YES;
				GCC_WARN_UNINITIALIZED_AUTOS = YES_AGGRESSIVE;
				GCC_WARN_UNUSED_FUNCTION = YES;
				GCC_WARN_UNUSED_VARIABLE = YES;
				IPHONEOS_DEPLOYMENT_TARGET = 10.2;
				MTL_ENABLE_DEBUG_INFO = NO;
				SDKROOT = iphoneos;
				SWIFT_OPTIMIZATION_LEVEL = "-Owholemodule";
				VALIDATE_PRODUCT = YES;
			};
			name = Release;
		};
		04E3EA4B1F19E5C80049D71D /* Debug */ = {
			isa = XCBuildConfiguration;
			buildSettings = {
				ASSETCATALOG_COMPILER_APPICON_NAME = AppIcon;
				INFOPLIST_FILE = SwitchDemo/Info.plist;
				LD_RUNPATH_SEARCH_PATHS = "$(inherited) @executable_path/Frameworks";
				PRODUCT_BUNDLE_IDENTIFIER = jf.SwitchDemo;
				PRODUCT_NAME = "$(TARGET_NAME)";
				SWIFT_VERSION = 3.0;
			};
			name = Debug;
		};
		04E3EA4C1F19E5C80049D71D /* Release */ = {
			isa = XCBuildConfiguration;
			buildSettings = {
				ASSETCATALOG_COMPILER_APPICON_NAME = AppIcon;
				INFOPLIST_FILE = SwitchDemo/Info.plist;
				LD_RUNPATH_SEARCH_PATHS = "$(inherited) @executable_path/Frameworks";
				PRODUCT_BUNDLE_IDENTIFIER = jf.SwitchDemo;
				PRODUCT_NAME = "$(TARGET_NAME)";
				SWIFT_VERSION = 3.0;
			};
			name = Release;
		};
/* End XCBuildConfiguration section */

/* Begin XCConfigurationList section */
		04E3EA331F19E5C80049D71D /* Build configuration list for PBXProject "SwitchDemo" */ = {
			isa = XCConfigurationList;
			buildConfigurations = (
				04E3EA481F19E5C80049D71D /* Debug */,
				04E3EA491F19E5C80049D71D /* Release */,
			);
			defaultConfigurationIsVisible = 0;
			defaultConfigurationName = Release;
		};
		04E3EA4A1F19E5C80049D71D /* Build configuration list for PBXNativeTarget "SwitchDemo" */ = {
			isa = XCConfigurationList;
			buildConfigurations = (
				04E3EA4B1F19E5C80049D71D /* Debug */,
				04E3EA4C1F19E5C80049D71D /* Release */,
			);
			defaultConfigurationIsVisible = 0;
		};
/* End XCConfigurationList section */
	};
	rootObject = 04E3EA301F19E5C80049D71D /* Project object */;
}
